
Microsoft Visual Studio Solution File, Format Version 12.00
# Visual Studio Version 17
VisualStudioVersion = 17.2.32630.192
MinimumVisualStudioVersion = 10.0.40219.1
Project("{FAE04EC0-301F-11D3-BF4B-00C04F79EFBC}") = "jasonApı", "jasonApı\jasonApı.csproj", "{5014894F-4C8C-4A46-9295-D8B2C8485283}"
EndProject
Global
	GlobalSection(SolutionConfigurationPlatforms) = preSolution
		Debug|Any CPU = Debug|Any CPU
		Release|Any CPU = Release|Any CPU
	EndGlobalSection
	GlobalSection(ProjectConfigurationPlatforms) = postSolution
		{5014894F-4C8C-4A46-9295-D8B2C8485283}.Debug|Any CPU.ActiveCfg = Debug|Any CPU
		{5014894F-4C8C-4A46-9295-D8B2C8485283}.Debug|Any CPU.Build.0 = Debug|Any CPU
		{5014894F-4C8C-4A46-9295-D8B2C8485283}.Release|Any CPU.ActiveCfg = Release|Any CPU
		{5014894F-4C8C-4A46-9295-D8B2C8485283}.Release|Any CPU.Build.0 = Release|Any CPU
	EndGlobalSection
	GlobalSection(SolutionProperties) = preSolution
		HideSolutionNode = FALSE
	EndGlobalSection
	GlobalSection(ExtensibilityGlobals) = postSolution
		SolutionGuid = {661B2BDC-B01C-4955-A7CB-E26E8BC356CC}
	EndGlobalSection
EndGlobal
